
Microsoft Visual Studio Solution File, Format Version 12.00
# Visual Studio 14
VisualStudioVersion = 14.0.22310.1
MinimumVisualStudioVersion = 10.0.40219.1
Project("{2150E333-8FDC-42A3-9474-1A3956D46DE8}") = "src", "src", "{A5AE7C5E-67D3-4145-BA8C-CBD0F8AC572C}"
EndProject
Project("{8BB2217D-0F2D-49D1-97BC-3654ED321F3B}") = "API.Consumer", "src\API.Consumer\API.Consumer.kproj", "{BA95FE39-3F3A-4CAA-B925-9DBA2CD91840}"
EndProject
Project("{2150E333-8FDC-42A3-9474-1A3956D46DE8}") = "Solution Items", "Solution Items", "{084AAECD-6168-4275-BF4B-392BE1CABFF4}"
	ProjectSection(SolutionItems) = preProject
		global.json = global.json
	EndProjectSection
EndProject
Project("{8BB2217D-0F2D-49D1-97BC-3654ED321F3B}") = "Web", "src\Web\Web.kproj", "{D6689DDD-47B6-485D-832B-2C6E487E8075}"
EndProject
Global
	GlobalSection(SolutionConfigurationPlatforms) = preSolution
		Debug|Any CPU = Debug|Any CPU
		Debug|x86 = Debug|x86
		MonoTouch|Any CPU = MonoTouch|Any CPU
		MonoTouch|x86 = MonoTouch|x86
		Release|Any CPU = Release|Any CPU
		Release|x86 = Release|x86
		Signed|Any CPU = Signed|Any CPU
		Signed|x86 = Signed|x86
		STATIC_ONLY NO_EXPRESSIONS|Any CPU = STATIC_ONLY NO_EXPRESSIONS|Any CPU
		STATIC_ONLY NO_EXPRESSIONS|x86 = STATIC_ONLY NO_EXPRESSIONS|x86
	EndGlobalSection
	GlobalSection(ProjectConfigurationPlatforms) = postSolution
		{BA95FE39-3F3A-4CAA-B925-9DBA2CD91840}.Debug|Any CPU.ActiveCfg = Debug|Any CPU
		{BA95FE39-3F3A-4CAA-B925-9DBA2CD91840}.Debug|Any CPU.Build.0 = Debug|Any CPU
		{BA95FE39-3F3A-4CAA-B925-9DBA2CD91840}.Debug|x86.ActiveCfg = Debug|Any CPU
		{BA95FE39-3F3A-4CAA-B925-9DBA2CD91840}.Debug|x86.Build.0 = Debug|Any CPU
		{BA95FE39-3F3A-4CAA-B925-9DBA2CD91840}.MonoTouch|Any CPU.ActiveCfg = Release|Any CPU
		{BA95FE39-3F3A-4CAA-B925-9DBA2CD91840}.MonoTouch|Any CPU.Build.0 = Release|Any CPU
		{BA95FE39-3F3A-4CAA-B925-9DBA2CD91840}.MonoTouch|x86.ActiveCfg = Release|Any CPU
		{BA95FE39-3F3A-4CAA-B925-9DBA2CD91840}.MonoTouch|x86.Build.0 = Release|Any CPU
		{BA95FE39-3F3A-4CAA-B925-9DBA2CD91840}.Release|Any CPU.ActiveCfg = Release|Any CPU
		{BA95FE39-3F3A-4CAA-B925-9DBA2CD91840}.Release|Any CPU.Build.0 = Release|Any CPU
		{BA95FE39-3F3A-4CAA-B925-9DBA2CD91840}.Release|x86.ActiveCfg = Release|Any CPU
		{BA95FE39-3F3A-4CAA-B925-9DBA2CD91840}.Release|x86.Build.0 = Release|Any CPU
		{BA95FE39-3F3A-4CAA-B925-9DBA2CD91840}.Signed|Any CPU.ActiveCfg = Release|Any CPU
		{BA95FE39-3F3A-4CAA-B925-9DBA2CD91840}.Signed|Any CPU.Build.0 = Release|Any CPU
		{BA95FE39-3F3A-4CAA-B925-9DBA2CD91840}.Signed|x86.ActiveCfg = Release|Any CPU
		{BA95FE39-3F3A-4CAA-B925-9DBA2CD91840}.Signed|x86.Build.0 = Release|Any CPU
		{BA95FE39-3F3A-4CAA-B925-9DBA2CD91840}.STATIC_ONLY NO_EXPRESSIONS|Any CPU.ActiveCfg = Release|Any CPU
		{BA95FE39-3F3A-4CAA-B925-9DBA2CD91840}.STATIC_ONLY NO_EXPRESSIONS|Any CPU.Build.0 = Release|Any CPU
		{BA95FE39-3F3A-4CAA-B925-9DBA2CD91840}.STATIC_ONLY NO_EXPRESSIONS|x86.ActiveCfg = Release|Any CPU
		{BA95FE39-3F3A-4CAA-B925-9DBA2CD91840}.STATIC_ONLY NO_EXPRESSIONS|x86.Build.0 = Release|Any CPU
		{D6689DDD-47B6-485D-832B-2C6E487E8075}.Debug|Any CPU.ActiveCfg = Debug|Any CPU
		{D6689DDD-47B6-485D-832B-2C6E487E8075}.Debug|Any CPU.Build.0 = Debug|Any CPU
		{D6689DDD-47B6-485D-832B-2C6E487E8075}.Debug|x86.ActiveCfg = Debug|Any CPU
		{D6689DDD-47B6-485D-832B-2C6E487E8075}.Debug|x86.Build.0 = Debug|Any CPU
		{D6689DDD-47B6-485D-832B-2C6E487E8075}.MonoTouch|Any CPU.ActiveCfg = Debug|Any CPU
		{D6689DDD-47B6-485D-832B-2C6E487E8075}.MonoTouch|Any CPU.Build.0 = Debug|Any CPU
		{D6689DDD-47B6-485D-832B-2C6E487E8075}.MonoTouch|x86.ActiveCfg = Debug|Any CPU
		{D6689DDD-47B6-485D-832B-2C6E487E8075}.MonoTouch|x86.Build.0 = Debug|Any CPU
		{D6689DDD-47B6-485D-832B-2C6E487E8075}.Release|Any CPU.ActiveCfg = Release|Any CPU
		{D6689DDD-47B6-485D-832B-2C6E487E8075}.Release|Any CPU.Build.0 = Release|Any CPU
		{D6689DDD-47B6-485D-832B-2C6E487E8075}.Release|x86.ActiveCfg = Release|Any CPU
		{D6689DDD-47B6-485D-832B-2C6E487E8075}.Release|x86.Build.0 = Release|Any CPU
		{D6689DDD-47B6-485D-832B-2C6E487E8075}.Signed|Any CPU.ActiveCfg = Debug|Any CPU
		{D6689DDD-47B6-485D-832B-2C6E487E8075}.Signed|Any CPU.Build.0 = Debug|Any CPU
		{D6689DDD-47B6-485D-832B-2C6E487E8075}.Signed|x86.ActiveCfg = Debug|Any CPU
		{D6689DDD-47B6-485D-832B-2C6E487E8075}.Signed|x86.Build.0 = Debug|Any CPU
		{D6689DDD-47B6-485D-832B-2C6E487E8075}.STATIC_ONLY NO_EXPRESSIONS|Any CPU.ActiveCfg = Debug|Any CPU
		{D6689DDD-47B6-485D-832B-2C6E487E8075}.STATIC_ONLY NO_EXPRESSIONS|Any CPU.Build.0 = Debug|Any CPU
		{D6689DDD-47B6-485D-832B-2C6E487E8075}.STATIC_ONLY NO_EXPRESSIONS|x86.ActiveCfg = Debug|Any CPU
		{D6689DDD-47B6-485D-832B-2C6E487E8075}.STATIC_ONLY NO_EXPRESSIONS|x86.Build.0 = Debug|Any CPU
	EndGlobalSection
	GlobalSection(SolutionProperties) = preSolution
		HideSolutionNode = FALSE
	EndGlobalSection
	GlobalSection(NestedProjects) = preSolution
		{BA95FE39-3F3A-4CAA-B925-9DBA2CD91840} = {A5AE7C5E-67D3-4145-BA8C-CBD0F8AC572C}
		{D6689DDD-47B6-485D-832B-2C6E487E8075} = {A5AE7C5E-67D3-4145-BA8C-CBD0F8AC572C}
	EndGlobalSection
EndGlobal
